
Microsoft Visual Studio Solution File, Format Version 12.00
# Visual Studio 15
VisualStudioVersion = 15.0.28010.2046
MinimumVisualStudioVersion = 10.0.40219.1
Project("{FAE04EC0-301F-11D3-BF4B-00C04F79EFBC}") = "Domain", "Domain\Domain.csproj", "{C30B1D99-CE00-4233-BF6B-EBE2AF73D2A5}"
EndProject
Project("{FAE04EC0-301F-11D3-BF4B-00C04F79EFBC}") = "Data", "Infra.Data\Data.csproj", "{2311E671-4968-4EAB-B603-4909D52A91F0}"
EndProject
Project("{2150E333-8FDC-42A3-9474-1A3956D46DE8}") = "1- API", "1- API", "{525A6AF7-F6B3-4A28-8FCF-C772FFAC3B6F}"
EndProject
Project("{2150E333-8FDC-42A3-9474-1A3956D46DE8}") = "2 - Domain", "2 - Domain", "{0927774D-2D6A-4C72-B375-30D5FDABDC56}"
EndProject
Project("{2150E333-8FDC-42A3-9474-1A3956D46DE8}") = "3 - Infra", "3 - Infra", "{8BE585BE-27F9-4734-AB64-782F025A0770}"
EndProject
Project("{FAE04EC0-301F-11D3-BF4B-00C04F79EFBC}") = "Shared", "Shared\Shared.csproj", "{D085848F-A05C-462A-82B9-ED58213250E6}"
EndProject
Project("{FAE04EC0-301F-11D3-BF4B-00C04F79EFBC}") = "DomainTests", "DomainTests\DomainTests.csproj", "{A0465F3E-B5F3-4DEB-AC05-40E8B2D8B295}"
EndProject
Project("{9A19103F-16F7-4668-BE54-9A1E7A4F7556}") = "API", "API\API.csproj", "{900BB3C9-F41E-485C-9DC6-BF459B789B9A}"
EndProject
Project("{FAE04EC0-301F-11D3-BF4B-00C04F79EFBC}") = "ExternalServices", "ExternalServices\ExternalServices.csproj", "{825AD6A5-D877-462C-BCFD-4E5C3F5F35D0}"
EndProject
Project("{2150E333-8FDC-42A3-9474-1A3956D46DE8}") = "Tests", "Tests", "{8B633561-6D13-4A57-AEFB-9975F2E05F30}"
EndProject
Global
	GlobalSection(SolutionConfigurationPlatforms) = preSolution
		Debug|Any CPU = Debug|Any CPU
		Release|Any CPU = Release|Any CPU
	EndGlobalSection
	GlobalSection(ProjectConfigurationPlatforms) = postSolution
		{C30B1D99-CE00-4233-BF6B-EBE2AF73D2A5}.Debug|Any CPU.ActiveCfg = Debug|Any CPU
		{C30B1D99-CE00-4233-BF6B-EBE2AF73D2A5}.Debug|Any CPU.Build.0 = Debug|Any CPU
		{C30B1D99-CE00-4233-BF6B-EBE2AF73D2A5}.Release|Any CPU.ActiveCfg = Release|Any CPU
		{C30B1D99-CE00-4233-BF6B-EBE2AF73D2A5}.Release|Any CPU.Build.0 = Release|Any CPU
		{2311E671-4968-4EAB-B603-4909D52A91F0}.Debug|Any CPU.ActiveCfg = Debug|Any CPU
		{2311E671-4968-4EAB-B603-4909D52A91F0}.Debug|Any CPU.Build.0 = Debug|Any CPU
		{2311E671-4968-4EAB-B603-4909D52A91F0}.Release|Any CPU.ActiveCfg = Release|Any CPU
		{2311E671-4968-4EAB-B603-4909D52A91F0}.Release|Any CPU.Build.0 = Release|Any CPU
		{D085848F-A05C-462A-82B9-ED58213250E6}.Debug|Any CPU.ActiveCfg = Debug|Any CPU
		{D085848F-A05C-462A-82B9-ED58213250E6}.Debug|Any CPU.Build.0 = Debug|Any CPU
		{D085848F-A05C-462A-82B9-ED58213250E6}.Release|Any CPU.ActiveCfg = Release|Any CPU
		{D085848F-A05C-462A-82B9-ED58213250E6}.Release|Any CPU.Build.0 = Release|Any CPU
		{A0465F3E-B5F3-4DEB-AC05-40E8B2D8B295}.Debug|Any CPU.ActiveCfg = Debug|Any CPU
		{A0465F3E-B5F3-4DEB-AC05-40E8B2D8B295}.Debug|Any CPU.Build.0 = Debug|Any CPU
		{A0465F3E-B5F3-4DEB-AC05-40E8B2D8B295}.Release|Any CPU.ActiveCfg = Release|Any CPU
		{A0465F3E-B5F3-4DEB-AC05-40E8B2D8B295}.Release|Any CPU.Build.0 = Release|Any CPU
		{900BB3C9-F41E-485C-9DC6-BF459B789B9A}.Debug|Any CPU.ActiveCfg = Debug|Any CPU
		{900BB3C9-F41E-485C-9DC6-BF459B789B9A}.Debug|Any CPU.Build.0 = Debug|Any CPU
		{900BB3C9-F41E-485C-9DC6-BF459B789B9A}.Release|Any CPU.ActiveCfg = Release|Any CPU
		{900BB3C9-F41E-485C-9DC6-BF459B789B9A}.Release|Any CPU.Build.0 = Release|Any CPU
		{825AD6A5-D877-462C-BCFD-4E5C3F5F35D0}.Debug|Any CPU.ActiveCfg = Debug|Any CPU
		{825AD6A5-D877-462C-BCFD-4E5C3F5F35D0}.Debug|Any CPU.Build.0 = Debug|Any CPU
		{825AD6A5-D877-462C-BCFD-4E5C3F5F35D0}.Release|Any CPU.ActiveCfg = Release|Any CPU
		{825AD6A5-D877-462C-BCFD-4E5C3F5F35D0}.Release|Any CPU.Build.0 = Release|Any CPU
	EndGlobalSection
	GlobalSection(SolutionProperties) = preSolution
		HideSolutionNode = FALSE
	EndGlobalSection
	GlobalSection(NestedProjects) = preSolution
		{C30B1D99-CE00-4233-BF6B-EBE2AF73D2A5} = {0927774D-2D6A-4C72-B375-30D5FDABDC56}
		{2311E671-4968-4EAB-B603-4909D52A91F0} = {8BE585BE-27F9-4734-AB64-782F025A0770}
		{D085848F-A05C-462A-82B9-ED58213250E6} = {0927774D-2D6A-4C72-B375-30D5FDABDC56}
		{A0465F3E-B5F3-4DEB-AC05-40E8B2D8B295} = {8B633561-6D13-4A57-AEFB-9975F2E05F30}
		{900BB3C9-F41E-485C-9DC6-BF459B789B9A} = {525A6AF7-F6B3-4A28-8FCF-C772FFAC3B6F}
		{825AD6A5-D877-462C-BCFD-4E5C3F5F35D0} = {8BE585BE-27F9-4734-AB64-782F025A0770}
	EndGlobalSection
	GlobalSection(ExtensibilityGlobals) = postSolution
		SolutionGuid = {08F2866E-6D06-4166-8DBA-5C59D30C55E3}
	EndGlobalSection
EndGlobal
